// !$*UTF8*$!
{
	archiveVersion = 1;
	classes = {
	};
	objectVersion = 56;
	objects = {

/* Begin PBXBuildFile section */
		59CE15612B9577A6002322F7 /* MyChatAppApp.swift in Sources */ = {isa = PBXBuildFile; fileRef = 59CE15602B9577A6002322F7 /* MyChatAppApp.swift */; };
		59CE15632B9577A6002322F7 /* ContentView.swift in Sources */ = {isa = PBXBuildFile; fileRef = 59CE15622B9577A6002322F7 /* ContentView.swift */; };
		59CE15652B9577A8002322F7 /* Assets.xcassets in Resources */ = {isa = PBXBuildFile; fileRef = 59CE15642B9577A8002322F7 /* Assets.xcassets */; };
		59CE15682B9577A8002322F7 /* Preview Assets.xcassets in Resources */ = {isa = PBXBuildFile; fileRef = 59CE15672B9577A8002322F7 /* Preview Assets.xcassets */; };
		59CE15722B9577A9002322F7 /* MyChatAppTests.swift in Sources */ = {isa = PBXBuildFile; fileRef = 59CE15712B9577A9002322F7 /* MyChatAppTests.swift */; };
		59CE157C2B9577A9002322F7 /* MyChatAppUITests.swift in Sources */ = {isa = PBXBuildFile; fileRef = 59CE157B2B9577A9002322F7 /* MyChatAppUITests.swift */; };
		59CE157E2B9577A9002322F7 /* MyChatAppUITestsLaunchTests.swift in Sources */ = {isa = PBXBuildFile; fileRef = 59CE157D2B9577A9002322F7 /* MyChatAppUITestsLaunchTests.swift */; };
/* End PBXBuildFile section */

/* Begin PBXContainerItemProxy section */
		59CE156E2B9577A9002322F7 /* PBXContainerItemProxy */ = {
			isa = PBXContainerItemProxy;
			containerPortal = 59CE15552B9577A6002322F7 /* Project object */;
			proxyType = 1;
			remoteGlobalIDString = 59CE155C2B9577A6002322F7;
			remoteInfo = MyChatApp;
		};
		59CE15782B9577A9002322F7 /* PBXContainerItemProxy */ = {
			isa = PBXContainerItemProxy;
			containerPortal = 59CE15552B9577A6002322F7 /* Project object */;
			proxyType = 1;
			remoteGlobalIDString = 59CE155C2B9577A6002322F7;
			remoteInfo = MyChatApp;
		};
/* End PBXContainerItemProxy section */

/* Begin PBXFileReference section */
		59CE155D2B9577A6002322F7 /* MyChatApp.app */ = {isa = PBXFileReference; explicitFileType = wrapper.application; includeInIndex = 0; path = MyChatApp.app; sourceTree = BUILT_PRODUCTS_DIR; };
		59CE15602B9577A6002322F7 /* MyChatAppApp.swift */ = {isa = PBXFileReference; lastKnownFileType = sourcecode.swift; path = MyChatAppApp.swift; sourceTree = "<group>"; };
		59CE15622B9577A6002322F7 /* ContentView.swift */ = {isa = PBXFileReference; lastKnownFileType = sourcecode.swift; path = ContentView.swift; sourceTree = "<group>"; };
		59CE15642B9577A8002322F7 /* Assets.xcassets */ = {isa = PBXFileReference; lastKnownFileType = folder.assetcatalog; path = Assets.xcassets; sourceTree = "<group>"; };
		59CE15672B9577A8002322F7 /* Preview Assets.xcassets */ = {isa = PBXFileReference; lastKnownFileType = folder.assetcatalog; path = "Preview Assets.xcassets"; sourceTree = "<group>"; };
		59CE156D2B9577A9002322F7 /* MyChatAppTests.xctest */ = {isa = PBXFileReference; explicitFileType = wrapper.cfbundle; includeInIndex = 0; path = MyChatAppTests.xctest; sourceTree = BUILT_PRODUCTS_DIR; };
		59CE15712B9577A9002322F7 /* MyChatAppTests.swift */ = {isa = PBXFileReference; lastKnownFileType = sourcecode.swift; path = MyChatAppTests.swift; sourceTree = "<group>"; };
		59CE15772B9577A9002322F7 /* MyChatAppUITests.xctest */ = {isa = PBXFileReference; explicitFileType = wrapper.cfbundle; includeInIndex = 0; path = MyChatAppUITests.xctest; sourceTree = BUILT_PRODUCTS_DIR; };
		59CE157B2B9577A9002322F7 /* MyChatAppUITests.swift */ = {isa = PBXFileReference; lastKnownFileType = sourcecode.swift; path = MyChatAppUITests.swift; sourceTree = "<group>"; };
		59CE157D2B9577A9002322F7 /* MyChatAppUITestsLaunchTests.swift */ = {isa = PBXFileReference; lastKnownFileType = sourcecode.swift; path = MyChatAppUITestsLaunchTests.swift; sourceTree = "<group>"; };
/* End PBXFileReference section */

/* Begin PBXFrameworksBuildPhase section */
		59CE155A2B9577A6002322F7 /* Frameworks */ = {
			isa = PBXFrameworksBuildPhase;
			buildActionMask = 2147483647;
			files = (
			);
			runOnlyForDeploymentPostprocessing = 0;
		};
		59CE156A2B9577A9002322F7 /* Frameworks */ = {
			isa = PBXFrameworksBuildPhase;
			buildActionMask = 2147483647;
			files = (
			);
			runOnlyForDeploymentPostprocessing = 0;
		};
		59CE15742B9577A9002322F7 /* Frameworks */ = {
			isa = PBXFrameworksBuildPhase;
			buildActionMask = 2147483647;
			files = (
			);
			runOnlyForDeploymentPostprocessing = 0;
		};
/* End PBXFrameworksBuildPhase section */

/* Begin PBXGroup section */
		59CE15542B9577A6002322F7 = {
			isa = PBXGroup;
			children = (
				59CE155F2B9577A6002322F7 /* MyChatApp */,
				59CE15702B9577A9002322F7 /* MyChatAppTests */,
				59CE157A2B9577A9002322F7 /* MyChatAppUITests */,
				59CE155E2B9577A6002322F7 /* Products */,
			);
			sourceTree = "<group>";
		};
		59CE155E2B9577A6002322F7 /* Products */ = {
			isa = PBXGroup;
			children = (
				59CE155D2B9577A6002322F7 /* MyChatApp.app */,
				59CE156D2B9577A9002322F7 /* MyChatAppTests.xctest */,
				59CE15772B9577A9002322F7 /* MyChatAppUITests.xctest */,
			);
			name = Products;
			sourceTree = "<group>";
		};
		59CE155F2B9577A6002322F7 /* MyChatApp */ = {
			isa = PBXGroup;
			children = (
				59CE15602B9577A6002322F7 /* MyChatAppApp.swift */,
				59CE15622B9577A6002322F7 /* ContentView.swift */,
				59CE15642B9577A8002322F7 /* Assets.xcassets */,
				59CE15662B9577A8002322F7 /* Preview Content */,
			);
			path = MyChatApp;
			sourceTree = "<group>";
		};
		59CE15662B9577A8002322F7 /* Preview Content */ = {
			isa = PBXGroup;
			children = (
				59CE15672B9577A8002322F7 /* Preview Assets.xcassets */,
			);
			path = "Preview Content";
			sourceTree = "<group>";
		};
		59CE15702B9577A9002322F7 /* MyChatAppTests */ = {
			isa = PBXGroup;
			children = (
				59CE15712B9577A9002322F7 /* MyChatAppTests.swift */,
			);
			path = MyChatAppTests;
			sourceTree = "<group>";
		};
		59CE157A2B9577A9002322F7 /* MyChatAppUITests */ = {
			isa = PBXGroup;
			children = (
				59CE157B2B9577A9002322F7 /* MyChatAppUITests.swift */,
				59CE157D2B9577A9002322F7 /* MyChatAppUITestsLaunchTests.swift */,
			);
			path = MyChatAppUITests;
			sourceTree = "<group>";
		};
/* End PBXGroup section */

/* Begin PBXNativeTarget section */
		59CE155C2B9577A6002322F7 /* MyChatApp */ = {
			isa = PBXNativeTarget;
			buildConfigurationList = 59CE15812B9577A9002322F7 /* Build configuration list for PBXNativeTarget "MyChatApp" */;
			buildPhases = (
				59CE15592B9577A6002322F7 /* Sources */,
				59CE155A2B9577A6002322F7 /* Frameworks */,
				59CE155B2B9577A6002322F7 /* Resources */,
			);
			buildRules = (
			);
			dependencies = (
			);
			name = MyChatApp;
			productName = MyChatApp;
			productReference = 59CE155D2B9577A6002322F7 /* MyChatApp.app */;
			productType = "com.apple.product-type.application";
		};
		59CE156C2B9577A9002322F7 /* MyChatAppTests */ = {
			isa = PBXNativeTarget;
			buildConfigurationList = 59CE15842B9577A9002322F7 /* Build configuration list for PBXNativeTarget "MyChatAppTests" */;
			buildPhases = (
				59CE15692B9577A9002322F7 /* Sources */,
				59CE156A2B9577A9002322F7 /* Frameworks */,
				59CE156B2B9577A9002322F7 /* Resources */,
			);
			buildRules = (
			);
			dependencies = (
				59CE156F2B9577A9002322F7 /* PBXTargetDependency */,
			);
			name = MyChatAppTests;
			productName = MyChatAppTests;
			productReference = 59CE156D2B9577A9002322F7 /* MyChatAppTests.xctest */;
			productType = "com.apple.product-type.bundle.unit-test";
		};
		59CE15762B9577A9002322F7 /* MyChatAppUITests */ = {
			isa = PBXNativeTarget;
			buildConfigurationList = 59CE15872B9577A9002322F7 /* Build configuration list for PBXNativeTarget "MyChatAppUITests" */;
			buildPhases = (
				59CE15732B9577A9002322F7 /* Sources */,
				59CE15742B9577A9002322F7 /* Frameworks */,
				59CE15752B9577A9002322F7 /* Resources */,
			);
			buildRules = (
			);
			dependencies = (
				59CE15792B9577A9002322F7 /* PBXTargetDependency */,
			);
			name = MyChatAppUITests;
			productName = MyChatAppUITests;
			productReference = 59CE15772B9577A9002322F7 /* MyChatAppUITests.xctest */;
			productType = "com.apple.product-type.bundle.ui-testing";
		};
/* End PBXNativeTarget section */

/* Begin PBXProject section */
		59CE15552B9577A6002322F7 /* Project object */ = {
			isa = PBXProject;
			attributes = {
				BuildIndependentTargetsInParallel = 1;
				LastSwiftUpdateCheck = 1520;
				LastUpgradeCheck = 1520;
				TargetAttributes = {
					59CE155C2B9577A6002322F7 = {
						CreatedOnToolsVersion = 15.2;
					};
					59CE156C2B9577A9002322F7 = {
						CreatedOnToolsVersion = 15.2;
						TestTargetID = 59CE155C2B9577A6002322F7;
					};
					59CE15762B9577A9002322F7 = {
						CreatedOnToolsVersion = 15.2;
						TestTargetID = 59CE155C2B9577A6002322F7;
					};
				};
			};
			buildConfigurationList = 59CE15582B9577A6002322F7 /* Build configuration list for PBXProject "MyChatApp" */;
			compatibilityVersion = "Xcode 14.0";
			developmentRegion = en;
			hasScannedForEncodings = 0;
			knownRegions = (
				en,
				Base,
			);
			mainGroup = 59CE15542B9577A6002322F7;
			productRefGroup = 59CE155E2B9577A6002322F7 /* Products */;
			projectDirPath = "";
			projectRoot = "";
			targets = (
				59CE155C2B9577A6002322F7 /* MyChatApp */,
				59CE156C2B9577A9002322F7 /* MyChatAppTests */,
				59CE15762B9577A9002322F7 /* MyChatAppUITests */,
			);
		};
/* End PBXProject section */

/* Begin PBXResourcesBuildPhase section */
		59CE155B2B9577A6002322F7 /* Resources */ = {
			isa = PBXResourcesBuildPhase;
			buildActionMask = 2147483647;
			files = (
				59CE15682B9577A8002322F7 /* Preview Assets.xcassets in Resources */,
				59CE15652B9577A8002322F7 /* Assets.xcassets in Resources */,
			);
			runOnlyForDeploymentPostprocessing = 0;
		};
		59CE156B2B9577A9002322F7 /* Resources */ = {
			isa = PBXResourcesBuildPhase;
			buildActionMask = 2147483647;
			files = (
			);
			runOnlyForDeploymentPostprocessing = 0;
		};
		59CE15752B9577A9002322F7 /* Resources */ = {
			isa = PBXResourcesBuildPhase;
			buildActionMask = 2147483647;
			files = (
			);
			runOnlyForDeploymentPostprocessing = 0;
		};
/* End PBXResourcesBuildPhase section */

/* Begin PBXSourcesBuildPhase section */
		59CE15592B9577A6002322F7 /* Sources */ = {
			isa = PBXSourcesBuildPhase;
			buildActionMask = 2147483647;
			files = (
				59CE15632B9577A6002322F7 /* ContentView.swift in Sources */,
				59CE15612B9577A6002322F7 /* MyChatAppApp.swift in Sources */,
			);
			runOnlyForDeploymentPostprocessing = 0;
		};
		59CE15692B9577A9002322F7 /* Sources */ = {
			isa = PBXSourcesBuildPhase;
			buildActionMask = 2147483647;
			files = (
				59CE15722B9577A9002322F7 /* MyChatAppTests.swift in Sources */,
			);
			runOnlyForDeploymentPostprocessing = 0;
		};
		59CE15732B9577A9002322F7 /* Sources */ = {
			isa = PBXSourcesBuildPhase;
			buildActionMask = 2147483647;
			files = (
				59CE157E2B9577A9002322F7 /* MyChatAppUITestsLaunchTests.swift in Sources */,
				59CE157C2B9577A9002322F7 /* MyChatAppUITests.swift in Sources */,
			);
			runOnlyForDeploymentPostprocessing = 0;
		};
/* End PBXSourcesBuildPhase section */

/* Begin PBXTargetDependency section */
		59CE156F2B9577A9002322F7 /* PBXTargetDependency */ = {
			isa = PBXTargetDependency;
			target = 59CE155C2B9577A6002322F7 /* MyChatApp */;
			targetProxy = 59CE156E2B9577A9002322F7 /* PBXContainerItemProxy */;
		};
		59CE15792B9577A9002322F7 /* PBXTargetDependency */ = {
			isa = PBXTargetDependency;
			target = 59CE155C2B9577A6002322F7 /* MyChatApp */;
			targetProxy = 59CE15782B9577A9002322F7 /* PBXContainerItemProxy */;
		};
/* End PBXTargetDependency section */

/* Begin XCBuildConfiguration section */
		59CE157F2B9577A9002322F7 /* Debug */ = {
			isa = XCBuildConfiguration;
			buildSettings = {
				ALWAYS_SEARCH_USER_PATHS = NO;
				ASSETCATALOG_COMPILER_GENERATE_SWIFT_ASSET_SYMBOL_EXTENSIONS = YES;
				CLANG_ANALYZER_NONNULL = YES;
				CLANG_ANALYZER_NUMBER_OBJECT_CONVERSION = YES_AGGRESSIVE;
				CLANG_CXX_LANGUAGE_STANDARD = "gnu++20";
				CLANG_ENABLE_MODULES = YES;
				CLANG_ENABLE_OBJC_ARC = YES;
				CLANG_ENABLE_OBJC_WEAK = YES;
				CLANG_WARN_BLOCK_CAPTURE_AUTORELEASING = YES;
				CLANG_WARN_BOOL_CONVERSION = YES;
				CLANG_WARN_COMMA = YES;
				CLANG_WARN_CONSTANT_CONVERSION = YES;
				CLANG_WARN_DEPRECATED_OBJC_IMPLEMENTATIONS = YES;
				CLANG_WARN_DIRECT_OBJC_ISA_USAGE = YES_ERROR;
				CLANG_WARN_DOCUMENTATION_COMMENTS = YES;
				CLANG_WARN_EMPTY_BODY = YES;
				CLANG_WARN_ENUM_CONVERSION = YES;
				CLANG_WARN_INFINITE_RECURSION = YES;
				CLANG_WARN_INT_CONVERSION = YES;
				CLANG_WARN_NON_LITERAL_NULL_CONVERSION = YES;
				CLANG_WARN_OBJC_IMPLICIT_RETAIN_SELF = YES;
				CLANG_WARN_OBJC_LITERAL_CONVERSION = YES;
				CLANG_WARN_OBJC_ROOT_CLASS = YES_ERROR;
				CLANG_WARN_QUOTED_INCLUDE_IN_FRAMEWORK_HEADER = YES;
				CLANG_WARN_RANGE_LOOP_ANALYSIS = YES;
				CLANG_WARN_STRICT_PROTOTYPES = YES;
				CLANG_WARN_SUSPICIOUS_MOVE = YES;
				CLANG_WARN_UNGUARDED_AVAILABILITY = YES_AGGRESSIVE;
				CLANG_WARN_UNREACHABLE_CODE = YES;
				CLANG_WARN__DUPLICATE_METHOD_MATCH = YES;
				COPY_PHASE_STRIP = NO;
				DEBUG_INFORMATION_FORMAT = dwarf;
				ENABLE_STRICT_OBJC_MSGSEND = YES;
				ENABLE_TESTABILITY = YES;
				ENABLE_USER_SCRIPT_SANDBOXING = YES;
				GCC_C_LANGUAGE_STANDARD = gnu17;
				GCC_DYNAMIC_NO_PIC = NO;
				GCC_NO_COMMON_BLOCKS = YES;
				GCC_OPTIMIZATION_LEVEL = 0;
				GCC_PREPROCESSOR_DEFINITIONS = (
					"DEBUG=1",
					"$(inherited)",
				);
				GCC_WARN_64_TO_32_BIT_CONVERSION = YES;
				GCC_WARN_ABOUT_RETURN_TYPE = YES_ERROR;
				GCC_WARN_UNDECLARED_SELECTOR = YES;
				GCC_WARN_UNINITIALIZED_AUTOS = YES_AGGRESSIVE;
				GCC_WARN_UNUSED_FUNCTION = YES;
				GCC_WARN_UNUSED_VARIABLE = YES;
				IPHONEOS_DEPLOYMENT_TARGET = 17.2;
				LOCALIZATION_PREFERS_STRING_CATALOGS = YES;
				MTL_ENABLE_DEBUG_INFO = INCLUDE_SOURCE;
				MTL_FAST_MATH = YES;
				ONLY_ACTIVE_ARCH = YES;
				SDKROOT = iphoneos;
				SWIFT_ACTIVE_COMPILATION_CONDITIONS = "DEBUG $(inherited)";
				SWIFT_OPTIMIZATION_LEVEL = "-Onone";
			};
			name = Debug;
		};
		59CE15802B9577A9002322F7 /* Release */ = {
			isa = XCBuildConfiguration;
			buildSettings = {
				ALWAYS_SEARCH_USER_PATHS = NO;
				ASSETCATALOG_COMPILER_GENERATE_SWIFT_ASSET_SYMBOL_EXTENSIONS = YES;
				CLANG_ANALYZER_NONNULL = YES;
				CLANG_ANALYZER_NUMBER_OBJECT_CONVERSION = YES_AGGRESSIVE;
				CLANG_CXX_LANGUAGE_STANDARD = "gnu++20";
				CLANG_ENABLE_MODULES = YES;
				CLANG_ENABLE_OBJC_ARC = YES;
				CLANG_ENABLE_OBJC_WEAK = YES;
				CLANG_WARN_BLOCK_CAPTURE_AUTORELEASING = YES;
				CLANG_WARN_BOOL_CONVERSION = YES;
				CLANG_WARN_COMMA = YES;
				CLANG_WARN_CONSTANT_CONVERSION = YES;
				CLANG_WARN_DEPRECATED_OBJC_IMPLEMENTATIONS = YES;
				CLANG_WARN_DIRECT_OBJC_ISA_USAGE = YES_ERROR;
				CLANG_WARN_DOCUMENTATION_COMMENTS = YES;
				CLANG_WARN_EMPTY_BODY = YES;
				CLANG_WARN_ENUM_CONVERSION = YES;
				CLANG_WARN_INFINITE_RECURSION = YES;
				CLANG_WARN_INT_CONVERSION = YES;
				CLANG_WARN_NON_LITERAL_NULL_CONVERSION = YES;
				CLANG_WARN_OBJC_IMPLICIT_RETAIN_SELF = YES;
				CLANG_WARN_OBJC_LITERAL_CONVERSION = YES;
				CLANG_WARN_OBJC_ROOT_CLASS = YES_ERROR;
				CLANG_WARN_QUOTED_INCLUDE_IN_FRAMEWORK_HEADER = YES;
				CLANG_WARN_RANGE_LOOP_ANALYSIS = YES;
				CLANG_WARN_STRICT_PROTOTYPES = YES;
				CLANG_WARN_SUSPICIOUS_MOVE = YES;
				CLANG_WARN_UNGUARDED_AVAILABILITY = YES_AGGRESSIVE;
				CLANG_WARN_UNREACHABLE_CODE = YES;
				CLANG_WARN__DUPLICATE_METHOD_MATCH = YES;
				COPY_PHASE_STRIP = NO;
				DEBUG_INFORMATION_FORMAT = "dwarf-with-dsym";
				ENABLE_NS_ASSERTIONS = NO;
				ENABLE_STRICT_OBJC_MSGSEND = YES;
				ENABLE_USER_SCRIPT_SANDBOXING = YES;
				GCC_C_LANGUAGE_STANDARD = gnu17;
				GCC_NO_COMMON_BLOCKS = YES;
				GCC_WARN_64_TO_32_BIT_CONVERSION = YES;
				GCC_WARN_ABOUT_RETURN_TYPE = YES_ERROR;
				GCC_WARN_UNDECLARED_SELECTOR = YES;
				GCC_WARN_UNINITIALIZED_AUTOS = YES_AGGRESSIVE;
				GCC_WARN_UNUSED_FUNCTION = YES;
				GCC_WARN_UNUSED_VARIABLE = YES;
				IPHONEOS_DEPLOYMENT_TARGET = 17.2;
				LOCALIZATION_PREFERS_STRING_CATALOGS = YES;
				MTL_ENABLE_DEBUG_INFO = NO;
				MTL_FAST_MATH = YES;
				SDKROOT = iphoneos;
				SWIFT_COMPILATION_MODE = wholemodule;
				VALIDATE_PRODUCT = YES;
			};
			name = Release;
		};
		59CE15822B9577A9002322F7 /* Debug */ = {
			isa = XCBuildConfiguration;
			buildSettings = {
				ASSETCATALOG_COMPILER_APPICON_NAME = AppIcon;
				ASSETCATALOG_COMPILER_GLOBAL_ACCENT_COLOR_NAME = AccentColor;
				CODE_SIGN_STYLE = Automatic;
				CURRENT_PROJECT_VERSION = 1;
				DEVELOPMENT_ASSET_PATHS = "\"MyChatApp/Preview Content\"";
				DEVELOPMENT_TEAM = V654JCM75F;
				ENABLE_PREVIEWS = YES;
				GENERATE_INFOPLIST_FILE = YES;
				INFOPLIST_KEY_UIApplicationSceneManifest_Generation = YES;
				INFOPLIST_KEY_UIApplicationSupportsIndirectInputEvents = YES;
				INFOPLIST_KEY_UILaunchScreen_Generation = YES;
				INFOPLIST_KEY_UISupportedInterfaceOrientations_iPad = "UIInterfaceOrientationPortrait UIInterfaceOrientationPortraitUpsideDown UIInterfaceOrientationLandscapeLeft UIInterfaceOrientationLandscapeRight";
				INFOPLIST_KEY_UISupportedInterfaceOrientations_iPhone = "UIInterfaceOrientationPortrait UIInterfaceOrientationLandscapeLeft UIInterfaceOrientationLandscapeRight";
				LD_RUNPATH_SEARCH_PATHS = (
					"$(inherited)",
					"@executable_path/Frameworks",
				);
				MARKETING_VERSION = 1.0;
				PRODUCT_BUNDLE_IDENTIFIER = MaleoGroup.MyChatApp;
				PRODUCT_NAME = "$(TARGET_NAME)";
				SWIFT_EMIT_LOC_STRINGS = YES;
				SWIFT_VERSION = 5.0;
				TARGETED_DEVICE_FAMILY = "1,2";
			};
			name = Debug;
		};
		59CE15832B9577A9002322F7 /* Release */ = {
			isa = XCBuildConfiguration;
			buildSettings = {
				ASSETCATALOG_COMPILER_APPICON_NAME = AppIcon;
				ASSETCATALOG_COMPILER_GLOBAL_ACCENT_COLOR_NAME = AccentColor;
				CODE_SIGN_STYLE = Automatic;
				CURRENT_PROJECT_VERSION = 1;
				DEVELOPMENT_ASSET_PATHS = "\"MyChatApp/Preview Content\"";
				DEVELOPMENT_TEAM = V654JCM75F;
				ENABLE_PREVIEWS = YES;
				GENERATE_INFOPLIST_FILE = YES;
				INFOPLIST_KEY_UIApplicationSceneManifest_Generation = YES;
				INFOPLIST_KEY_UIApplicationSupportsIndirectInputEvents = YES;
				INFOPLIST_KEY_UILaunchScreen_Generation = YES;
				INFOPLIST_KEY_UISupportedInterfaceOrientations_iPad = "UIInterfaceOrientationPortrait UIInterfaceOrientationPortraitUpsideDown UIInterfaceOrientationLandscapeLeft UIInterfaceOrientationLandscapeRight";
				INFOPLIST_KEY_UISupportedInterfaceOrientations_iPhone = "UIInterfaceOrientationPortrait UIInterfaceOrientationLandscapeLeft UIInterfaceOrientationLandscapeRight";
				LD_RUNPATH_SEARCH_PATHS = (
					"$(inherited)",
					"@executable_path/Frameworks",
				);
				MARKETING_VERSION = 1.0;
				PRODUCT_BUNDLE_IDENTIFIER = MaleoGroup.MyChatApp;
				PRODUCT_NAME = "$(TARGET_NAME)";
				SWIFT_EMIT_LOC_STRINGS = YES;
				SWIFT_VERSION = 5.0;
				TARGETED_DEVICE_FAMILY = "1,2";
			};
			name = Release;
		};
		59CE15852B9577A9002322F7 /* Debug */ = {
			isa = XCBuildConfiguration;
			buildSettings = {
				ALWAYS_EMBED_SWIFT_STANDARD_LIBRARIES = YES;
				BUNDLE_LOADER = "$(TEST_HOST)";
				CODE_SIGN_STYLE = Automatic;
				CURRENT_PROJECT_VERSION = 1;
				DEVELOPMENT_TEAM = V654JCM75F;
				GENERATE_INFOPLIST_FILE = YES;
				IPHONEOS_DEPLOYMENT_TARGET = 17.2;
				MARKETING_VERSION = 1.0;
				PRODUCT_BUNDLE_IDENTIFIER = MaleoGroup.MyChatAppTests;
				PRODUCT_NAME = "$(TARGET_NAME)";
				SWIFT_EMIT_LOC_STRINGS = NO;
				SWIFT_VERSION = 5.0;
				TARGETED_DEVICE_FAMILY = "1,2";
				TEST_HOST = "$(BUILT_PRODUCTS_DIR)/MyChatApp.app/$(BUNDLE_EXECUTABLE_FOLDER_PATH)/MyChatApp";
			};
			name = Debug;
		};
		59CE15862B9577A9002322F7 /* Release */ = {
			isa = XCBuildConfiguration;
			buildSettings = {
				ALWAYS_EMBED_SWIFT_STANDARD_LIBRARIES = YES;
				BUNDLE_LOADER = "$(TEST_HOST)";
				CODE_SIGN_STYLE = Automatic;
				CURRENT_PROJECT_VERSION = 1;
				DEVELOPMENT_TEAM = V654JCM75F;
				GENERATE_INFOPLIST_FILE = YES;
				IPHONEOS_DEPLOYMENT_TARGET = 17.2;
				MARKETING_VERSION = 1.0;
				PRODUCT_BUNDLE_IDENTIFIER = MaleoGroup.MyChatAppTests;
				PRODUCT_NAME = "$(TARGET_NAME)";
				SWIFT_EMIT_LOC_STRINGS = NO;
				SWIFT_VERSION = 5.0;
				TARGETED_DEVICE_FAMILY = "1,2";
				TEST_HOST = "$(BUILT_PRODUCTS_DIR)/MyChatApp.app/$(BUNDLE_EXECUTABLE_FOLDER_PATH)/MyChatApp";
			};
			name = Release;
		};
		59CE15882B9577A9002322F7 /* Debug */ = {
			isa = XCBuildConfiguration;
			buildSettings = {
				ALWAYS_EMBED_SWIFT_STANDARD_LIBRARIES = YES;
				CODE_SIGN_STYLE = Automatic;
				CURRENT_PROJECT_VERSION = 1;
				DEVELOPMENT_TEAM = V654JCM75F;
				GENERATE_INFOPLIST_FILE = YES;
				MARKETING_VERSION = 1.0;
				PRODUCT_BUNDLE_IDENTIFIER = MaleoGroup.MyChatAppUITests;
				PRODUCT_NAME = "$(TARGET_NAME)";
				SWIFT_EMIT_LOC_STRINGS = NO;
				SWIFT_VERSION = 5.0;
				TARGETED_DEVICE_FAMILY = "1,2";
				TEST_TARGET_NAME = MyChatApp;
			};
			name = Debug;
		};
		59CE15892B9577A9002322F7 /* Release */ = {
			isa = XCBuildConfiguration;
			buildSettings = {
				ALWAYS_EMBED_SWIFT_STANDARD_LIBRARIES = YES;
				CODE_SIGN_STYLE = Automatic;
				CURRENT_PROJECT_VERSION = 1;
				DEVELOPMENT_TEAM = V654JCM75F;
				GENERATE_INFOPLIST_FILE = YES;
				MARKETING_VERSION = 1.0;
				PRODUCT_BUNDLE_IDENTIFIER = MaleoGroup.MyChatAppUITests;
				PRODUCT_NAME = "$(TARGET_NAME)";
				SWIFT_EMIT_LOC_STRINGS = NO;
				SWIFT_VERSION = 5.0;
				TARGETED_DEVICE_FAMILY = "1,2";
				TEST_TARGET_NAME = MyChatApp;
			};
			name = Release;
		};
/* End XCBuildConfiguration section */

/* Begin XCConfigurationList section */
		59CE15582B9577A6002322F7 /* Build configuration list for PBXProject "MyChatApp" */ = {
			isa = XCConfigurationList;
			buildConfigurations = (
				59CE157F2B9577A9002322F7 /* Debug */,
				59CE15802B9577A9002322F7 /* Release */,
			);
			defaultConfigurationIsVisible = 0;
			defaultConfigurationName = Release;
		};
		59CE15812B9577A9002322F7 /* Build configuration list for PBXNativeTarget "MyChatApp" */ = {
			isa = XCConfigurationList;
			buildConfigurations = (
				59CE15822B9577A9002322F7 /* Debug */,
				59CE15832B9577A9002322F7 /* Release */,
			);
			defaultConfigurationIsVisible = 0;
			defaultConfigurationName = Release;
		};
		59CE15842B9577A9002322F7 /* Build configuration list for PBXNativeTarget "MyChatAppTests" */ = {
			isa = XCConfigurationList;
			buildConfigurations = (
				59CE15852B9577A9002322F7 /* Debug */,
				59CE15862B9577A9002322F7 /* Release */,
			);
			defaultConfigurationIsVisible = 0;
			defaultConfigurationName = Release;
		};
		59CE15872B9577A9002322F7 /* Build configuration list for PBXNativeTarget "MyChatAppUITests" */ = {
			isa = XCConfigurationList;
			buildConfigurations = (
				59CE15882B9577A9002322F7 /* Debug */,
				59CE15892B9577A9002322F7 /* Release */,
			);
			defaultConfigurationIsVisible = 0;
			defaultConfigurationName = Release;
		};
/* End XCConfigurationList section */
	};
	rootObject = 59CE15552B9577A6002322F7 /* Project object */;
}
